
Microsoft Visual Studio Solution File, Format Version 12.00
# Visual Studio Version 17
VisualStudioVersion = 17.3.32708.82
MinimumVisualStudioVersion = 10.0.40219.1
Project("{FAE04EC0-301F-11D3-BF4B-00C04F79EFBC}") = "TemplateApiCS", "TemplateApiCS\TemplateApiCS.csproj", "{61C68ABB-9069-4E51-80F6-BC0C0CAC46FE}"
EndProject
Global
	GlobalSection(SolutionConfigurationPlatforms) = preSolution
		Debug|Any CPU = Debug|Any CPU
		Release|Any CPU = Release|Any CPU
	EndGlobalSection
	GlobalSection(ProjectConfigurationPlatforms) = postSolution
		{61C68ABB-9069-4E51-80F6-BC0C0CAC46FE}.Debug|Any CPU.ActiveCfg = Debug|Any CPU
		{61C68ABB-9069-4E51-80F6-BC0C0CAC46FE}.Debug|Any CPU.Build.0 = Debug|Any CPU
		{61C68ABB-9069-4E51-80F6-BC0C0CAC46FE}.Release|Any CPU.ActiveCfg = Release|Any CPU
		{61C68ABB-9069-4E51-80F6-BC0C0CAC46FE}.Release|Any CPU.Build.0 = Release|Any CPU
	EndGlobalSection
	GlobalSection(SolutionProperties) = preSolution
		HideSolutionNode = FALSE
	EndGlobalSection
	GlobalSection(ExtensibilityGlobals) = postSolution
		SolutionGuid = {234E0BAA-6519-4725-BDB9-F334745F3017}
	EndGlobalSection
EndGlobal
